
Microsoft Visual Studio Solution File, Format Version 12.00
# Visual Studio Version 16
VisualStudioVersion = 16.0.31205.134
MinimumVisualStudioVersion = 10.0.40219.1
Project("{9A19103F-16F7-4668-BE54-9A1E7A4F7556}") = "BrotherQlMqttHub", "BrotherQlMqttHub\BrotherQlMqttHub.csproj", "{D76AB555-6302-4C64-B013-86BBE423F631}"
EndProject
Project("{FAE04EC0-301F-11D3-BF4B-00C04F79EFBC}") = "BrotherQlHub.Server", "BrotherQlHub.Server\BrotherQlHub.Server.csproj", "{D7554821-EDE2-4D87-B34D-7A2984246E82}"
EndProject
Project("{FAE04EC0-301F-11D3-BF4B-00C04F79EFBC}") = "BrotherQlHub.Data", "BrotherQlHub.Data\BrotherQlHub.Data.csproj", "{4963DDCF-B8D3-4893-81F5-B50ED09F95D8}"
EndProject
Project("{FAE04EC0-301F-11D3-BF4B-00C04F79EFBC}") = "BrotherQlHub.Migrations.Sqlite", "BrotherQlHub.Migrations.Sqlite\BrotherQlHub.Migrations.Sqlite.csproj", "{44F190AF-4B53-4BC7-AB50-A6321C1DA013}"
EndProject
Global
	GlobalSection(SolutionConfigurationPlatforms) = preSolution
		Debug|Any CPU = Debug|Any CPU
		Release|Any CPU = Release|Any CPU
	EndGlobalSection
	GlobalSection(ProjectConfigurationPlatforms) = postSolution
		{D76AB555-6302-4C64-B013-86BBE423F631}.Debug|Any CPU.ActiveCfg = Debug|Any CPU
		{D76AB555-6302-4C64-B013-86BBE423F631}.Debug|Any CPU.Build.0 = Debug|Any CPU
		{D76AB555-6302-4C64-B013-86BBE423F631}.Release|Any CPU.ActiveCfg = Release|Any CPU
		{D76AB555-6302-4C64-B013-86BBE423F631}.Release|Any CPU.Build.0 = Release|Any CPU
		{D7554821-EDE2-4D87-B34D-7A2984246E82}.Debug|Any CPU.ActiveCfg = Debug|Any CPU
		{D7554821-EDE2-4D87-B34D-7A2984246E82}.Debug|Any CPU.Build.0 = Debug|Any CPU
		{D7554821-EDE2-4D87-B34D-7A2984246E82}.Release|Any CPU.ActiveCfg = Release|Any CPU
		{D7554821-EDE2-4D87-B34D-7A2984246E82}.Release|Any CPU.Build.0 = Release|Any CPU
		{4963DDCF-B8D3-4893-81F5-B50ED09F95D8}.Debug|Any CPU.ActiveCfg = Debug|Any CPU
		{4963DDCF-B8D3-4893-81F5-B50ED09F95D8}.Debug|Any CPU.Build.0 = Debug|Any CPU
		{4963DDCF-B8D3-4893-81F5-B50ED09F95D8}.Release|Any CPU.ActiveCfg = Release|Any CPU
		{4963DDCF-B8D3-4893-81F5-B50ED09F95D8}.Release|Any CPU.Build.0 = Release|Any CPU
		{44F190AF-4B53-4BC7-AB50-A6321C1DA013}.Debug|Any CPU.ActiveCfg = Debug|Any CPU
		{44F190AF-4B53-4BC7-AB50-A6321C1DA013}.Debug|Any CPU.Build.0 = Debug|Any CPU
		{44F190AF-4B53-4BC7-AB50-A6321C1DA013}.Release|Any CPU.ActiveCfg = Release|Any CPU
		{44F190AF-4B53-4BC7-AB50-A6321C1DA013}.Release|Any CPU.Build.0 = Release|Any CPU
	EndGlobalSection
	GlobalSection(SolutionProperties) = preSolution
		HideSolutionNode = FALSE
	EndGlobalSection
	GlobalSection(ExtensibilityGlobals) = postSolution
		SolutionGuid = {6B50BF96-FADB-4EDE-85F6-4CF80B78DD93}
	EndGlobalSection
EndGlobal
